<?xml version="1.0" encoding="utf-8"?>
<Project ToolsVersion="4.0" xmlns="http://schemas.microsoft.com/developer/msbuild/2003">
  <ItemGroup>
    <Filter Include="Source Files">
      <UniqueIdentifier>{4FC737F1-C7A5-4376-A066-2A32D752A2FF}</UniqueIdentifier>
      <Extensions>cpp;c;cc;cxx;c++;cppm;ixx;def;odl;idl;hpj;bat;asm;asmx</Extensions>
    </Filter>
    <Filter Include="Header Files">
      <UniqueIdentifier>{93995380-89BD-4b04-88EB-625FBE52EBFB}</UniqueIdentifier>
      <Extensions>h;hh;hpp;hxx;h++;hm;inl;inc;ipp;xsd</Extensions>
    </Filter>
    <Filter Include="Resource Files">
      <UniqueIdentifier>{67DA6AB6-F800-4c08-8B7A-83BB121AAD01}</UniqueIdentifier>
      <Extensions>rc;ico;cur;bmp;dlg;rc2;rct;bin;rgs;gif;jpg;jpeg;jpe;resx;tiff;tif;png;wav;mfcribbon-ms</Extensions>
    </Filter>
  </ItemGroup>
  <ItemGroup>
    <ClInclude Include="Source\Source.h">
      <Filter>Header Files</Filter>
    </ClInclude>
    <ClInclude Include="Source\Resources\Resource.h">
      <Filter>Header Files</Filter>
    </ClInclude>
  </ItemGroup>
  <ItemGroup>
    <ClCompile Include="Source\Source.cpp">
      <Filter>Source Files</Filter>
    </ClCompile>
  </ItemGroup>
  <ItemGroup>
    <ResourceCompile Include="Source\Resources\Resource.rc">
      <Filter>Resource Files</Filter>
    </ResourceCompile>
  </ItemGroup>
  <ItemGroup>
    <Image Include="Source\Resources\Microphone.bmp">
      <Filter>Resource Files</Filter>
    </Image>
    <Image Include="Source\Resources\Pause.bmp">
      <Filter>Resource Files</Filter>
    </Image>
    <Image Include="Source\Resources\Resume.bmp">
      <Filter>Resource Files</Filter>
    </Image>
    <Image Include="Source\Resources\Settings.bmp">
      <Filter>Resource Files</Filter>
    </Image>
    <Image Include="Source\Resources\Speaker.bmp">
      <Filter>Resource Files</Filter>
    </Image>
    <Image Include="Source\Resources\Start.bmp">
      <Filter>Resource Files</Filter>
    </Image>
    <Image Include="Source\Resources\Stop.bmp">
      <Filter>Resource Files</Filter>
    </Image>
  </ItemGroup>
  <ItemGroup>
    <None Include="Source\Library\Utils\Virtual.h">
      <Filter>Header Files</Filter>
    </None>
    <None Include="Source\Library\Windows\WindowComposition.h">
      <Filter>Header Files</Filter>
    </None>
    <None Include="Source\Application\Services\ScreenCaptureFactory.h">
      <Filter>Header Files</Filter>
    </None>
    <None Include="Source\Application\Utils\StringUtil.h">
      <Filter>Header Files</Filter>
    </None>
    <None Include="Source\Application\Global\SaveManager.h">
      <Filter>Header Files</Filter>
    </None>
    <None Include="Source\Application\Multiple\Audio\SilencePlayer.h">
      <Filter>Header Files</Filter>
    </None>
    <None Include="Source\Application\Controllers\AudioCaptureController.h">
      <Filter>Header Files</Filter>
    </None>
    <None Include="Source\Application\Controllers\AudioDeviceObserver.h">
      <Filter>Header Files</Filter>
    </None>
    <None Include="Source\Application\Controllers\AudioPresenter.h">
      <Filter>Header Files</Filter>
    </None>
    <None Include="Source\Application\Controllers\AudioSettingsController.h">
      <Filter>Header Files</Filter>
    </None>
    <None Include="Source\Application\Controllers\AudioSettingsObserver.h">
      <Filter>Header Files</Filter>
    </None>
    <None Include="Source\Application\Controllers\FpsPresenter.h">
      <Filter>Header Files</Filter>
    </None>
    <None Include="Source\Application\Controllers\MainSettingsController.h">
      <Filter>Header Files</Filter>
    </None>
    <None Include="Source\Application\Controllers\MainSettingsObserver.h">
      <Filter>Header Files</Filter>
    </None>
    <None Include="Source\Application\Controllers\PreviewPresenter.h">
      <Filter>Header Files</Filter>
    </None>
    <None Include="Source\Application\Controllers\QualityController.h">
      <Filter>Header Files</Filter>
    </None>
    <None Include="Source\Application\Controllers\RecordingController.h">
      <Filter>Header Files</Filter>
    </None>
    <None Include="Source\Application\Controllers\RecordingPresenter.h">
      <Filter>Header Files</Filter>
    </None>
    <None Include="Source\Application\Controllers\ResizeController.h">
      <Filter>Header Files</Filter>
    </None>
    <None Include="Source\Application\Controllers\SnapshotController.h">
      <Filter>Header Files</Filter>
    </None>
    <None Include="Source\Application\Controllers\SourceController.h">
      <Filter>Header Files</Filter>
    </None>
    <None Include="Source\Application\Controllers\UsagePresenter.h">
      <Filter>Header Files</Filter>
    </None>
    <None Include="Source\Application\Controllers\VideoCaptureController.h">
      <Filter>Header Files</Filter>
    </None>
    <None Include="Source\Application\Controllers\VideoSettingsController.h">
      <Filter>Header Files</Filter>
    </None>
    <None Include="Source\Application\Controllers\VideoSettingsObserver.h">
      <Filter>Header Files</Filter>
    </None>
    <None Include="Source\Application\Core\Application.h">
      <Filter>Header Files</Filter>
    </None>
    <None Include="Source\Application\Core\MediaApplication.h">
      <Filter>Header Files</Filter>
    </None>
    <None Include="Source\Application\Core\ScreenRecorderApplication.h">
      <Filter>Header Files</Filter>
    </None>
    <None Include="Source\Application\Global\FontStore.h">
      <Filter>Header Files</Filter>
    </None>
    <None Include="Source\Application\Global\ImageStore.h">
      <Filter>Header Files</Filter>
    </None>
    <None Include="Source\Application\Global\Logger.h">
      <Filter>Header Files</Filter>
    </None>
    <None Include="Source\Application\Main.h">
      <Filter>Header Files</Filter>
    </None>
    <None Include="Source\Application\Models\AudioBitrate.h">
      <Filter>Header Files</Filter>
    </None>
    <None Include="Source\Application\Models\AudioChannelLayout.h">
      <Filter>Header Files</Filter>
    </None>
    <None Include="Source\Application\Models\AudioFormat.h">
      <Filter>Header Files</Filter>
    </None>
    <None Include="Source\Application\Models\AudioResampleQuality.h">
      <Filter>Header Files</Filter>
    </None>
    <None Include="Source\Application\Models\AudioSampleRate.h">
      <Filter>Header Files</Filter>
    </None>
    <None Include="Source\Application\Models\AudioSource.h">
      <Filter>Header Files</Filter>
    </None>
    <None Include="Source\Application\Models\WindowCaptureMethod.h">
      <Filter>Header Files</Filter>
    </None>
    <None Include="Source\Application\Models\DeviceStatus.h">
      <Filter>Header Files</Filter>
    </None>
    <None Include="Source\Application\Models\EncodeFormat.h">
      <Filter>Header Files</Filter>
    </None>
    <None Include="Source\Application\Models\Hotkey.h">
      <Filter>Header Files</Filter>
    </None>
    <None Include="Source\Application\Models\LogMode.h">
      <Filter>Header Files</Filter>
    </None>
    <None Include="Source\Application\Models\ResizeQuality.h">
      <Filter>Header Files</Filter>
    </None>
    <None Include="Source\Application\Models\ResizeMode.h">
      <Filter>Header Files</Filter>
    </None>
    <None Include="Source\Application\Models\Settings\AudioEncoderSettings.h">
      <Filter>Header Files</Filter>
    </None>
    <None Include="Source\Application\Models\Settings\AudioResamplerSettings.h">
      <Filter>Header Files</Filter>
    </None>
    <None Include="Source\Application\Models\Settings\AudioSettings.h">
      <Filter>Header Files</Filter>
    </None>
    <None Include="Source\Application\Models\Settings\KeyboardSettings.h">
      <Filter>Header Files</Filter>
    </None>
    <None Include="Source\Application\Models\Settings\MainSettings.h">
      <Filter>Header Files</Filter>
    </None>
    <None Include="Source\Application\Models\Settings\SinkWriterSettings.h">
      <Filter>Header Files</Filter>
    </None>
    <None Include="Source\Application\Models\Settings\VideoEncoderSettings.h">
      <Filter>Header Files</Filter>
    </None>
    <None Include="Source\Application\Models\Settings\VideoResizerSettings.h">
      <Filter>Header Files</Filter>
    </None>
    <None Include="Source\Application\Models\Settings\VideoSettings.h">
      <Filter>Header Files</Filter>
    </None>
    <None Include="Source\Application\Models\Settings\WindowCaptureSettings.h">
      <Filter>Header Files</Filter>
    </None>
    <None Include="Source\Application\Models\VideoSource.h">
      <Filter>Header Files</Filter>
    </None>
    <None Include="Source\Application\Models\Volumes.h">
      <Filter>Header Files</Filter>
    </None>
    <None Include="Source\Application\Models\WindowVisibility.h">
      <Filter>Header Files</Filter>
    </None>
    <None Include="Source\Application\Multiple\Audio\AudioCapture.h">
      <Filter>Header Files</Filter>
    </None>
    <None Include="Source\Application\Multiple\Audio\AudioDevice.h">
      <Filter>Header Files</Filter>
    </None>
    <None Include="Source\Application\Multiple\Audio\AudioEncoder.h">
      <Filter>Header Files</Filter>
    </None>
    <None Include="Source\Application\Multiple\Audio\AudioResampler.h">
      <Filter>Header Files</Filter>
    </None>
    <None Include="Source\Application\Multiple\Audio\AudioVolumeMeter.h">
      <Filter>Header Files</Filter>
    </None>
    <None Include="Source\Application\Multiple\EventDispatcherBase.h">
      <Filter>Header Files</Filter>
    </None>
    <None Include="Source\Application\Multiple\Buffer.h">
      <Filter>Header Files</Filter>
    </None>
    <None Include="Source\Application\Multiple\CaptureLock.h">
      <Filter>Header Files</Filter>
    </None>
    <None Include="Source\Application\Multiple\MouseOverlay.h">
      <Filter>Header Files</Filter>
    </None>
    <None Include="Source\Application\Multiple\ComPointer.h">
      <Filter>Header Files</Filter>
    </None>
    <None Include="Source\Application\Multiple\Encoder.h">
      <Filter>Header Files</Filter>
    </None>
    <None Include="Source\Application\Multiple\EventDispatcher.h">
      <Filter>Header Files</Filter>
    </None>
    <None Include="Source\Application\Multiple\EventPool.h">
      <Filter>Header Files</Filter>
    </None>
    <None Include="Source\Application\Multiple\FpsCounter.h">
      <Filter>Header Files</Filter>
    </None>
    <None Include="Source\Application\Multiple\FrameSource.h">
      <Filter>Header Files</Filter>
    </None>
    <None Include="Source\Application\Multiple\PropVariant.h">
      <Filter>Header Files</Filter>
    </None>
    <None Include="Source\Application\Multiple\Resizers\AbstractResizer.h">
      <Filter>Header Files</Filter>
    </None>
    <None Include="Source\Application\Multiple\Resizers\BilinearResizer.h">
      <Filter>Header Files</Filter>
    </None>
    <None Include="Source\Application\Multiple\Resizers\NearestResizer.h">
      <Filter>Header Files</Filter>
    </None>
    <None Include="Source\Application\Multiple\Resizers\Resizer.h">
      <Filter>Header Files</Filter>
    </None>
    <None Include="Source\Application\Multiple\SinkWriter.h">
      <Filter>Header Files</Filter>
    </None>
    <None Include="Source\Application\Multiple\UniquePointer.h">
      <Filter>Header Files</Filter>
    </None>
    <None Include="Source\Application\Multiple\UniqueStorage.h">
      <Filter>Header Files</Filter>
    </None>
    <None Include="Source\Application\Multiple\Video\VideoCapture.h">
      <Filter>Header Files</Filter>
    </None>
    <None Include="Source\Application\Multiple\Video\VideoEncoder.h">
      <Filter>Header Files</Filter>
    </None>
    <None Include="Source\Application\Multiple\Video\VideoResizer.h">
      <Filter>Header Files</Filter>
    </None>
    <None Include="Source\Application\Multiple\Video\WindowCapture.h">
      <Filter>Header Files</Filter>
    </None>
    <None Include="Source\Application\Multiple\WaveFormat.h">
      <Filter>Header Files</Filter>
    </None>
    <None Include="Source\Application\Multiple\WeakPointer.h">
      <Filter>Header Files</Filter>
    </None>
    <None Include="Source\Application\Multiple\WindowEventDispatcher.h">
      <Filter>Header Files</Filter>
    </None>
    <None Include="Source\Application\Services\AudioCaptureManager.h">
      <Filter>Header Files</Filter>
    </None>
    <None Include="Source\Application\Services\AudioDeviceProvider.h">
      <Filter>Header Files</Filter>
    </None>
    <None Include="Source\Application\Services\AudioEncoderFactory.h">
      <Filter>Header Files</Filter>
    </None>
    <None Include="Source\Application\Services\AudioResamplerFactory.h">
      <Filter>Header Files</Filter>
    </None>
    <None Include="Source\Application\Services\AudioSettingsManager.h">
      <Filter>Header Files</Filter>
    </None>
    <None Include="Source\Application\Services\AudioVolumeListener.h">
      <Filter>Header Files</Filter>
    </None>
    <None Include="Source\Application\Services\CpuMonitor.h">
      <Filter>Header Files</Filter>
    </None>
    <None Include="Source\Application\Services\KeyboardListener.h">
      <Filter>Header Files</Filter>
    </None>
    <None Include="Source\Application\Services\MainSettingsManager.h">
      <Filter>Header Files</Filter>
    </None>
    <None Include="Source\Application\Services\MemoryMonitor.h">
      <Filter>Header Files</Filter>
    </None>
    <None Include="Source\Application\Services\RecordingManager.h">
      <Filter>Header Files</Filter>
    </None>
    <None Include="Source\Application\Services\SettingsManager.h">
      <Filter>Header Files</Filter>
    </None>
    <None Include="Source\Application\Services\SinkWriterFactory.h">
      <Filter>Header Files</Filter>
    </None>
    <None Include="Source\Application\Services\VideoCaptureManager.h">
      <Filter>Header Files</Filter>
    </None>
    <None Include="Source\Application\Services\VideoEncoderFactory.h">
      <Filter>Header Files</Filter>
    </None>
    <None Include="Source\Application\Services\VideoResizerFactory.h">
      <Filter>Header Files</Filter>
    </None>
    <None Include="Source\Application\Services\VideoSettingsManager.h">
      <Filter>Header Files</Filter>
    </None>
    <None Include="Source\Application\Services\WindowCaptureFactory.h">
      <Filter>Header Files</Filter>
    </None>
    <None Include="Source\Application\Utils\BufferUtil.h">
      <Filter>Header Files</Filter>
    </None>
    <None Include="Source\Application\Utils\ControlUtil.h">
      <Filter>Header Files</Filter>
    </None>
    <None Include="Source\Application\Utils\FormatConverter.h">
      <Filter>Header Files</Filter>
    </None>
    <None Include="Source\Application\Utils\DialogUtil.h">
      <Filter>Header Files</Filter>
    </None>
    <None Include="Source\Application\Utils\LogUtil.h">
      <Filter>Header Files</Filter>
    </None>
    <None Include="Source\Application\Utils\MemoryUtil.h">
      <Filter>Header Files</Filter>
    </None>
    <None Include="Source\Application\Utils\RectUtil.h">
      <Filter>Header Files</Filter>
    </None>
    <None Include="Source\Application\Utils\SaveUtil.h">
      <Filter>Header Files</Filter>
    </None>
    <None Include="Source\Application\Utils\WindowUtil.h">
      <Filter>Header Files</Filter>
    </None>
    <None Include="Source\Application\Views\AudioSettingsDialog.h">
      <Filter>Header Files</Filter>
    </None>
    <None Include="Source\Application\Views\DataCheckbox.h">
      <Filter>Header Files</Filter>
    </None>
    <None Include="Source\Application\Views\DataCombobox.h">
      <Filter>Header Files</Filter>
    </None>
    <None Include="Source\Application\Views\DeviceIndicator.h">
      <Filter>Header Files</Filter>
    </None>
    <None Include="Source\Application\Views\DeviceIndicatorAdapter.h">
      <Filter>Header Files</Filter>
    </None>
    <None Include="Source\Application\Views\DialogWindow.h">
      <Filter>Header Files</Filter>
    </None>
    <None Include="Source\Application\Views\FpsDisplay.h">
      <Filter>Header Files</Filter>
    </None>
    <None Include="Source\Application\Views\Frame.h">
      <Filter>Header Files</Filter>
    </None>
    <None Include="Source\Application\Views\HotkeyEdit.h">
      <Filter>Header Files</Filter>
    </None>
    <None Include="Source\Application\Views\MainSettingsDialog.h">
      <Filter>Header Files</Filter>
    </None>
    <None Include="Source\Application\Views\MainWindow.h">
      <Filter>Header Files</Filter>
    </None>
    <None Include="Source\Application\Views\OverlayWindow.h">
      <Filter>Header Files</Filter>
    </None>
    <None Include="Source\Application\Views\Panel.h">
      <Filter>Header Files</Filter>
    </None>
    <None Include="Source\Application\Views\PreviewDisplay.h">
      <Filter>Header Files</Filter>
    </None>
    <None Include="Source\Application\Views\QualityPanel.h">
      <Filter>Header Files</Filter>
    </None>
    <None Include="Source\Application\Views\RecordingDisplay.h">
      <Filter>Header Files</Filter>
    </None>
    <None Include="Source\Application\Views\RecordingPanel.h">
      <Filter>Header Files</Filter>
    </None>
    <None Include="Source\Application\Views\RectangleSelector.h">
      <Filter>Header Files</Filter>
    </None>
    <None Include="Source\Application\Views\ResizePanel.h">
      <Filter>Header Files</Filter>
    </None>
    <None Include="Source\Application\Views\SelectionWindow.h">
      <Filter>Header Files</Filter>
    </None>
    <None Include="Source\Application\Views\Separator.h">
      <Filter>Header Files</Filter>
    </None>
    <None Include="Source\Application\Views\SettingsDialog.h">
      <Filter>Header Files</Filter>
    </None>
    <None Include="Source\Application\Views\SettingsPanel.h">
      <Filter>Header Files</Filter>
    </None>
    <None Include="Source\Application\Views\SourcePanel.h">
      <Filter>Header Files</Filter>
    </None>
    <None Include="Source\Application\Views\VideoSettingsDialog.h">
      <Filter>Header Files</Filter>
    </None>
    <None Include="Source\Application\Views\VolumeDisplay.h">
      <Filter>Header Files</Filter>
    </None>
    <None Include="Source\Application\Views\VolumeMeter.h">
      <Filter>Header Files</Filter>
    </None>
    <None Include="Source\Application\Views\WindowSelector.h">
      <Filter>Header Files</Filter>
    </None>
    <None Include="Source\Library\System\Brush.h">
      <Filter>Header Files</Filter>
    </None>
    <None Include="Source\Library\System\DynamicLibrary.h">
      <Filter>Header Files</Filter>
    </None>
    <None Include="Source\Library\System\Event.h">
      <Filter>Header Files</Filter>
    </None>
    <None Include="Source\Library\System\ExclusiveLock.h">
      <Filter>Header Files</Filter>
    </None>
    <None Include="Source\Library\System\Font.h">
      <Filter>Header Files</Filter>
    </None>
    <None Include="Source\Library\System\Image.h">
      <Filter>Header Files</Filter>
    </None>
    <None Include="Source\Library\System\Pen.h">
      <Filter>Header Files</Filter>
    </None>
    <None Include="Source\Library\System\Profiler.h">
      <Filter>Header Files</Filter>
    </None>
    <None Include="Source\Library\System\ReadWriteLock.h">
      <Filter>Header Files</Filter>
    </None>
    <None Include="Source\Library\System\Thread.h">
      <Filter>Header Files</Filter>
    </None>
    <None Include="Source\Library\System\Timer.h">
      <Filter>Header Files</Filter>
    </None>
    <None Include="Source\Library\Utils\BindHelper.h">
      <Filter>Header Files</Filter>
    </None>
    <None Include="Source\Library\Utils\Callback.h">
      <Filter>Header Files</Filter>
    </None>
    <None Include="Source\Library\Utils\Color.h">
      <Filter>Header Files</Filter>
    </None>
    <None Include="Source\Library\Utils\Date.h">
      <Filter>Header Files</Filter>
    </None>
    <None Include="Source\Library\Utils\Line.h">
      <Filter>Header Files</Filter>
    </None>
    <None Include="Source\Library\Utils\Math.h">
      <Filter>Header Files</Filter>
    </None>
    <None Include="Source\Library\Utils\NonCopyable.h">
      <Filter>Header Files</Filter>
    </None>
    <None Include="Source\Library\Utils\Rect.h">
      <Filter>Header Files</Filter>
    </None>
    <None Include="Source\Library\Utils\Time.h">
      <Filter>Header Files</Filter>
    </None>
    <None Include="Source\Library\Utils\Vector.h">
      <Filter>Header Files</Filter>
    </None>
    <None Include="Source\Library\Windows\Alignment.h">
      <Filter>Header Files</Filter>
    </None>
    <None Include="Source\Library\Windows\Anchor.h">
      <Filter>Header Files</Filter>
    </None>
    <None Include="Source\Library\Windows\Button.h">
      <Filter>Header Files</Filter>
    </None>
    <None Include="Source\Library\Windows\Checkbox.h">
      <Filter>Header Files</Filter>
    </None>
    <None Include="Source\Library\Windows\Combobox.h">
      <Filter>Header Files</Filter>
    </None>
    <None Include="Source\Library\Windows\Control.h">
      <Filter>Header Files</Filter>
    </None>
    <None Include="Source\Library\Windows\CustomButton.h">
      <Filter>Header Files</Filter>
    </None>
    <None Include="Source\Library\Windows\CustomControl.h">
      <Filter>Header Files</Filter>
    </None>
    <None Include="Source\Library\Windows\Editbox.h">
      <Filter>Header Files</Filter>
    </None>
    <None Include="Source\Library\Windows\Graphics.h">
      <Filter>Header Files</Filter>
    </None>
    <None Include="Source\Library\Windows\Label.h">
      <Filter>Header Files</Filter>
    </None>
    <None Include="Source\Library\Windows\Picture.h">
      <Filter>Header Files</Filter>
    </None>
    <None Include="Source\Library\Windows\Window.h">
      <Filter>Header Files</Filter>
    </None>
    <None Include="Source\Library\Windows\CustomWindow.h">
      <Filter>Header Files</Filter>
    </None>
    <None Include="Source\Application\Multiple\AsyncSettingsManager.h">
      <Filter>Header Files</Filter>
    </None>
    <None Include="Source\Library\System\LatchEvent.h">
      <Filter>Header Files</Filter>
    </None>
    <None Include="Source\Application\Multiple\Status.h">
      <Filter>Header Files</Filter>
    </None>
    <None Include="Source\Application\Multiple\Overlay.h">
      <Filter>Header Files</Filter>
    </None>
    <None Include="Source\Application\Multiple\FrameSink.h">
      <Filter>Header Files</Filter>
    </None>
    <None Include="Source\Application\Multiple\FrameEmitter.h">
      <Filter>Header Files</Filter>
    </None>
    <None Include="Source\Application\Multiple\FrameDelegate.h">
      <Filter>Header Files</Filter>
    </None>
    <None Include="Source\Application\Utils\FileUtil.h">
      <Filter>Header Files</Filter>
    </None>
    <None Include="Source\Application\Multiple\Captures\BitBltCapture.h">
      <Filter>Header Files</Filter>
    </None>
    <None Include="Source\Application\Multiple\Captures\DwmSharedSurfaceCapture.h">
      <Filter>Header Files</Filter>
    </None>
    <None Include="Source\Application\Models\ScreenCaptureMethod.h">
      <Filter>Header Files</Filter>
    </None>
    <None Include="Source\Application\Models\Settings\ScreenCaptureSettings.h">
      <Filter>Header Files</Filter>
    </None>
    <None Include="Source\Application\Services\AudioSourceManager.h">
      <Filter>Header Files</Filter>
    </None>
    <None Include="Source\Application\Services\VideoSourceManager.h">
      <Filter>Header Files</Filter>
    </None>
    <None Include="Source\Application\Multiple\Captures\DwmPrintWindowCapture.h">
      <Filter>Header Files</Filter>
    </None>
    <None Include="Source\Application\Multiple\Captures\DXGIOutputDuplicationCapture.h">
      <Filter>Header Files</Filter>
    </None>
    <None Include="Source\Application\Multiple\MediaSource.h">
      <Filter>Header Files</Filter>
    </None>
    <None Include="Source\Library\Utils\Virtual.cpp">
      <Filter>Source Files</Filter>
    </None>
    <None Include="Source\Library\Windows\WindowComposition.cpp">
      <Filter>Source Files</Filter>
    </None>
    <None Include="Source\Application\Services\ScreenCaptureFactory.cpp">
      <Filter>Source Files</Filter>
    </None>
    <None Include="Source\Application\Utils\StringUtil.cpp">
      <Filter>Source Files</Filter>
    </None>
    <None Include="Source\Application\Global\SaveManager.cpp">
      <Filter>Source Files</Filter>
    </None>
    <None Include="Source\Application\Multiple\Audio\SilencePlayer.cpp">
      <Filter>Source Files</Filter>
    </None>
    <None Include="Source\Application\Controllers\AudioCaptureController.cpp">
      <Filter>Source Files</Filter>
    </None>
    <None Include="Source\Application\Controllers\AudioDeviceObserver.cpp">
      <Filter>Source Files</Filter>
    </None>
    <None Include="Source\Application\Controllers\AudioPresenter.cpp">
      <Filter>Source Files</Filter>
    </None>
    <None Include="Source\Application\Controllers\AudioSettingsController.cpp">
      <Filter>Source Files</Filter>
    </None>
    <None Include="Source\Application\Controllers\AudioSettingsObserver.cpp">
      <Filter>Source Files</Filter>
    </None>
    <None Include="Source\Application\Controllers\FpsPresenter.cpp">
      <Filter>Source Files</Filter>
    </None>
    <None Include="Source\Application\Controllers\MainSettingsController.cpp">
      <Filter>Source Files</Filter>
    </None>
    <None Include="Source\Application\Controllers\MainSettingsObserver.cpp">
      <Filter>Source Files</Filter>
    </None>
    <None Include="Source\Application\Controllers\PreviewPresenter.cpp">
      <Filter>Source Files</Filter>
    </None>
    <None Include="Source\Application\Controllers\QualityController.cpp">
      <Filter>Source Files</Filter>
    </None>
    <None Include="Source\Application\Controllers\RecordingController.cpp">
      <Filter>Source Files</Filter>
    </None>
    <None Include="Source\Application\Controllers\RecordingPresenter.cpp">
      <Filter>Source Files</Filter>
    </None>
    <None Include="Source\Application\Controllers\ResizeController.cpp">
      <Filter>Source Files</Filter>
    </None>
    <None Include="Source\Application\Controllers\SnapshotController.cpp">
      <Filter>Source Files</Filter>
    </None>
    <None Include="Source\Application\Controllers\SourceController.cpp">
      <Filter>Source Files</Filter>
    </None>
    <None Include="Source\Application\Controllers\UsagePresenter.cpp">
      <Filter>Source Files</Filter>
    </None>
    <None Include="Source\Application\Controllers\VideoCaptureController.cpp">
      <Filter>Source Files</Filter>
    </None>
    <None Include="Source\Application\Controllers\VideoSettingsController.cpp">
      <Filter>Source Files</Filter>
    </None>
    <None Include="Source\Application\Controllers\VideoSettingsObserver.cpp">
      <Filter>Source Files</Filter>
    </None>
    <None Include="Source\Application\Core\Application.cpp">
      <Filter>Source Files</Filter>
    </None>
    <None Include="Source\Application\Core\MediaApplication.cpp">
      <Filter>Source Files</Filter>
    </None>
    <None Include="Source\Application\Core\ScreenRecorderApplication.cpp">
      <Filter>Source Files</Filter>
    </None>
    <None Include="Source\Application\Global\FontStore.cpp">
      <Filter>Source Files</Filter>
    </None>
    <None Include="Source\Application\Global\ImageStore.cpp">
      <Filter>Source Files</Filter>
    </None>
    <None Include="Source\Application\Global\Logger.cpp">
      <Filter>Source Files</Filter>
    </None>
    <None Include="Source\Application\Main.cpp">
      <Filter>Source Files</Filter>
    </None>
    <None Include="Source\Application\Multiple\Audio\AudioCapture.cpp">
      <Filter>Source Files</Filter>
    </None>
    <None Include="Source\Application\Multiple\Audio\AudioDevice.cpp">
      <Filter>Source Files</Filter>
    </None>
    <None Include="Source\Application\Multiple\Audio\AudioEncoder.cpp">
      <Filter>Source Files</Filter>
    </None>
    <None Include="Source\Application\Multiple\Audio\AudioResampler.cpp">
      <Filter>Source Files</Filter>
    </None>
    <None Include="Source\Application\Multiple\Audio\AudioVolumeMeter.cpp">
      <Filter>Source Files</Filter>
    </None>
    <None Include="Source\Application\Multiple\EventDispatcherBase.cpp">
      <Filter>Source Files</Filter>
    </None>
    <None Include="Source\Application\Multiple\Buffer.cpp">
      <Filter>Source Files</Filter>
    </None>
    <None Include="Source\Application\Multiple\CaptureLock.cpp">
      <Filter>Source Files</Filter>
    </None>
    <None Include="Source\Application\Multiple\MouseOverlay.cpp">
      <Filter>Source Files</Filter>
    </None>
    <None Include="Source\Application\Multiple\ComPointer.cpp">
      <Filter>Source Files</Filter>
    </None>
    <None Include="Source\Application\Multiple\Encoder.cpp">
      <Filter>Source Files</Filter>
    </None>
    <None Include="Source\Application\Multiple\EventDispatcher.cpp">
      <Filter>Source Files</Filter>
    </None>
    <None Include="Source\Application\Multiple\EventPool.cpp">
      <Filter>Source Files</Filter>
    </None>
    <None Include="Source\Application\Multiple\FpsCounter.cpp">
      <Filter>Source Files</Filter>
    </None>
    <None Include="Source\Application\Multiple\FrameSource.cpp">
      <Filter>Source Files</Filter>
    </None>
    <None Include="Source\Application\Multiple\PropVariant.cpp">
      <Filter>Source Files</Filter>
    </None>
    <None Include="Source\Application\Multiple\Resizers\AbstractResizer.cpp">
      <Filter>Source Files</Filter>
    </None>
    <None Include="Source\Application\Multiple\Resizers\BilinearResizer.cpp">
      <Filter>Source Files</Filter>
    </None>
    <None Include="Source\Application\Multiple\Resizers\NearestResizer.cpp">
      <Filter>Source Files</Filter>
    </None>
    <None Include="Source\Application\Multiple\Resizers\Resizer.cpp">
      <Filter>Source Files</Filter>
    </None>
    <None Include="Source\Application\Multiple\SinkWriter.cpp">
      <Filter>Source Files</Filter>
    </None>
    <None Include="Source\Application\Multiple\UniquePointer.cpp">
      <Filter>Source Files</Filter>
    </None>
    <None Include="Source\Application\Multiple\UniqueStorage.cpp">
      <Filter>Source Files</Filter>
    </None>
    <None Include="Source\Application\Multiple\Video\VideoCapture.cpp">
      <Filter>Source Files</Filter>
    </None>
    <None Include="Source\Application\Multiple\Video\VideoEncoder.cpp">
      <Filter>Source Files</Filter>
    </None>
    <None Include="Source\Application\Multiple\Video\VideoResizer.cpp">
      <Filter>Source Files</Filter>
    </None>
    <None Include="Source\Application\Multiple\Video\WindowCapture.cpp">
      <Filter>Source Files</Filter>
    </None>
    <None Include="Source\Application\Multiple\WaveFormat.cpp">
      <Filter>Source Files</Filter>
    </None>
    <None Include="Source\Application\Multiple\WeakPointer.cpp">
      <Filter>Source Files</Filter>
    </None>
    <None Include="Source\Application\Multiple\WindowEventDispatcher.cpp">
      <Filter>Source Files</Filter>
    </None>
    <None Include="Source\Application\Services\AudioCaptureManager.cpp">
      <Filter>Source Files</Filter>
    </None>
    <None Include="Source\Application\Services\AudioDeviceProvider.cpp">
      <Filter>Source Files</Filter>
    </None>
    <None Include="Source\Application\Services\AudioEncoderFactory.cpp">
      <Filter>Source Files</Filter>
    </None>
    <None Include="Source\Application\Services\AudioResamplerFactory.cpp">
      <Filter>Source Files</Filter>
    </None>
    <None Include="Source\Application\Services\AudioSettingsManager.cpp">
      <Filter>Source Files</Filter>
    </None>
    <None Include="Source\Application\Services\AudioVolumeListener.cpp">
      <Filter>Source Files</Filter>
    </None>
    <None Include="Source\Application\Services\CpuMonitor.cpp">
      <Filter>Source Files</Filter>
    </None>
    <None Include="Source\Application\Services\KeyboardListener.cpp">
      <Filter>Source Files</Filter>
    </None>
    <None Include="Source\Application\Services\MainSettingsManager.cpp">
      <Filter>Source Files</Filter>
    </None>
    <None Include="Source\Application\Services\MemoryMonitor.cpp">
      <Filter>Source Files</Filter>
    </None>
    <None Include="Source\Application\Services\RecordingManager.cpp">
      <Filter>Source Files</Filter>
    </None>
    <None Include="Source\Application\Services\SettingsManager.cpp">
      <Filter>Source Files</Filter>
    </None>
    <None Include="Source\Application\Services\SinkWriterFactory.cpp">
      <Filter>Source Files</Filter>
    </None>
    <None Include="Source\Application\Services\VideoCaptureManager.cpp">
      <Filter>Source Files</Filter>
    </None>
    <None Include="Source\Application\Services\VideoEncoderFactory.cpp">
      <Filter>Source Files</Filter>
    </None>
    <None Include="Source\Application\Services\VideoResizerFactory.cpp">
      <Filter>Source Files</Filter>
    </None>
    <None Include="Source\Application\Services\VideoSettingsManager.cpp">
      <Filter>Source Files</Filter>
    </None>
    <None Include="Source\Application\Services\WindowCaptureFactory.cpp">
      <Filter>Source Files</Filter>
    </None>
    <None Include="Source\Application\Utils\BufferUtil.cpp">
      <Filter>Source Files</Filter>
    </None>
    <None Include="Source\Application\Utils\ControlUtil.cpp">
      <Filter>Source Files</Filter>
    </None>
    <None Include="Source\Application\Utils\FormatConverter.cpp">
      <Filter>Source Files</Filter>
    </None>
    <None Include="Source\Application\Utils\DialogUtil.cpp">
      <Filter>Source Files</Filter>
    </None>
    <None Include="Source\Application\Utils\LogUtil.cpp">
      <Filter>Source Files</Filter>
    </None>
    <None Include="Source\Application\Utils\MemoryUtil.cpp">
      <Filter>Source Files</Filter>
    </None>
    <None Include="Source\Application\Utils\RectUtil.cpp">
      <Filter>Source Files</Filter>
    </None>
    <None Include="Source\Application\Utils\SaveUtil.cpp">
      <Filter>Source Files</Filter>
    </None>
    <None Include="Source\Application\Utils\WindowUtil.cpp">
      <Filter>Source Files</Filter>
    </None>
    <None Include="Source\Application\Views\AudioSettingsDialog.cpp">
      <Filter>Source Files</Filter>
    </None>
    <None Include="Source\Application\Views\DataCheckbox.cpp">
      <Filter>Source Files</Filter>
    </None>
    <None Include="Source\Application\Views\DataCombobox.cpp">
      <Filter>Source Files</Filter>
    </None>
    <None Include="Source\Application\Views\DeviceIndicator.cpp">
      <Filter>Source Files</Filter>
    </None>
    <None Include="Source\Application\Views\DeviceIndicatorAdapter.cpp">
      <Filter>Source Files</Filter>
    </None>
    <None Include="Source\Application\Views\DialogWindow.cpp">
      <Filter>Source Files</Filter>
    </None>
    <None Include="Source\Application\Views\FpsDisplay.cpp">
      <Filter>Source Files</Filter>
    </None>
    <None Include="Source\Application\Views\Frame.cpp">
      <Filter>Source Files</Filter>
    </None>
    <None Include="Source\Application\Views\HotkeyEdit.cpp">
      <Filter>Source Files</Filter>
    </None>
    <None Include="Source\Application\Views\MainSettingsDialog.cpp">
      <Filter>Source Files</Filter>
    </None>
    <None Include="Source\Application\Views\MainWindow.cpp">
      <Filter>Source Files</Filter>
    </None>
    <None Include="Source\Application\Views\OverlayWindow.cpp">
      <Filter>Source Files</Filter>
    </None>
    <None Include="Source\Application\Views\Panel.cpp">
      <Filter>Source Files</Filter>
    </None>
    <None Include="Source\Application\Views\PreviewDisplay.cpp">
      <Filter>Source Files</Filter>
    </None>
    <None Include="Source\Application\Views\QualityPanel.cpp">
      <Filter>Source Files</Filter>
    </None>
    <None Include="Source\Application\Views\RecordingDisplay.cpp">
      <Filter>Source Files</Filter>
    </None>
    <None Include="Source\Application\Views\RecordingPanel.cpp">
      <Filter>Source Files</Filter>
    </None>
    <None Include="Source\Application\Views\RectangleSelector.cpp">
      <Filter>Source Files</Filter>
    </None>
    <None Include="Source\Application\Views\ResizePanel.cpp">
      <Filter>Source Files</Filter>
    </None>
    <None Include="Source\Application\Views\SelectionWindow.cpp">
      <Filter>Source Files</Filter>
    </None>
    <None Include="Source\Application\Views\Separator.cpp">
      <Filter>Source Files</Filter>
    </None>
    <None Include="Source\Application\Views\SettingsDialog.cpp">
      <Filter>Source Files</Filter>
    </None>
    <None Include="Source\Application\Views\SettingsPanel.cpp">
      <Filter>Source Files</Filter>
    </None>
    <None Include="Source\Application\Views\SourcePanel.cpp">
      <Filter>Source Files</Filter>
    </None>
    <None Include="Source\Application\Views\VideoSettingsDialog.cpp">
      <Filter>Source Files</Filter>
    </None>
    <None Include="Source\Application\Views\VolumeDisplay.cpp">
      <Filter>Source Files</Filter>
    </None>
    <None Include="Source\Application\Views\VolumeMeter.cpp">
      <Filter>Source Files</Filter>
    </None>
    <None Include="Source\Application\Views\WindowSelector.cpp">
      <Filter>Source Files</Filter>
    </None>
    <None Include="Source\Library\System\Brush.cpp">
      <Filter>Source Files</Filter>
    </None>
    <None Include="Source\Library\System\DynamicLibrary.cpp">
      <Filter>Source Files</Filter>
    </None>
    <None Include="Source\Library\System\Event.cpp">
      <Filter>Source Files</Filter>
    </None>
    <None Include="Source\Library\System\ExclusiveLock.cpp">
      <Filter>Source Files</Filter>
    </None>
    <None Include="Source\Library\System\Font.cpp">
      <Filter>Source Files</Filter>
    </None>
    <None Include="Source\Library\System\Image.cpp">
      <Filter>Source Files</Filter>
    </None>
    <None Include="Source\Library\System\Pen.cpp">
      <Filter>Source Files</Filter>
    </None>
    <None Include="Source\Library\System\Profiler.cpp">
      <Filter>Source Files</Filter>
    </None>
    <None Include="Source\Library\System\ReadWriteLock.cpp">
      <Filter>Source Files</Filter>
    </None>
    <None Include="Source\Library\System\Thread.cpp">
      <Filter>Source Files</Filter>
    </None>
    <None Include="Source\Library\System\Timer.cpp">
      <Filter>Source Files</Filter>
    </None>
    <None Include="Source\Library\Utils\BindHelper.cpp">
      <Filter>Source Files</Filter>
    </None>
    <None Include="Source\Library\Utils\Callback.cpp">
      <Filter>Source Files</Filter>
    </None>
    <None Include="Source\Library\Utils\Color.cpp">
      <Filter>Source Files</Filter>
    </None>
    <None Include="Source\Library\Utils\Date.cpp">
      <Filter>Source Files</Filter>
    </None>
    <None Include="Source\Library\Utils\Line.cpp">
      <Filter>Source Files</Filter>
    </None>
    <None Include="Source\Library\Utils\Math.cpp">
      <Filter>Source Files</Filter>
    </None>
    <None Include="Source\Library\Utils\NonCopyable.cpp">
      <Filter>Source Files</Filter>
    </None>
    <None Include="Source\Library\Utils\Rect.cpp">
      <Filter>Source Files</Filter>
    </None>
    <None Include="Source\Library\Utils\Time.cpp">
      <Filter>Source Files</Filter>
    </None>
    <None Include="Source\Library\Utils\Vector.cpp">
      <Filter>Source Files</Filter>
    </None>
    <None Include="Source\Library\Windows\Button.cpp">
      <Filter>Source Files</Filter>
    </None>
    <None Include="Source\Library\Windows\Checkbox.cpp">
      <Filter>Source Files</Filter>
    </None>
    <None Include="Source\Library\Windows\Combobox.cpp">
      <Filter>Source Files</Filter>
    </None>
    <None Include="Source\Library\Windows\Control.cpp">
      <Filter>Source Files</Filter>
    </None>
    <None Include="Source\Library\Windows\CustomButton.cpp">
      <Filter>Source Files</Filter>
    </None>
    <None Include="Source\Library\Windows\CustomControl.cpp">
      <Filter>Source Files</Filter>
    </None>
    <None Include="Source\Library\Windows\Editbox.cpp">
      <Filter>Source Files</Filter>
    </None>
    <None Include="Source\Library\Windows\Graphics.cpp">
      <Filter>Source Files</Filter>
    </None>
    <None Include="Source\Library\Windows\Label.cpp">
      <Filter>Source Files</Filter>
    </None>
    <None Include="Source\Library\Windows\Picture.cpp">
      <Filter>Source Files</Filter>
    </None>
    <None Include="Source\Library\Windows\Window.cpp">
      <Filter>Source Files</Filter>
    </None>
    <None Include="Source\Library\Windows\CustomWindow.cpp">
      <Filter>Source Files</Filter>
    </None>
    <None Include="Source\Application\Multiple\AsyncSettingsManager.cpp">
      <Filter>Source Files</Filter>
    </None>
    <None Include="Source\Library\System\LatchEvent.cpp">
      <Filter>Source Files</Filter>
    </None>
    <None Include="Source\Application\Multiple\Status.cpp">
      <Filter>Source Files</Filter>
    </None>
    <None Include="Source\Application\Multiple\Overlay.cpp">
      <Filter>Source Files</Filter>
    </None>
    <None Include="Source\Application\Multiple\FrameSink.cpp">
      <Filter>Source Files</Filter>
    </None>
    <None Include="Source\Application\Multiple\FrameEmitter.cpp">
      <Filter>Source Files</Filter>
    </None>
    <None Include="Source\Application\Multiple\FrameDelegate.cpp">
      <Filter>Source Files</Filter>
    </None>
    <None Include="Source\Application\Utils\FileUtil.cpp">
      <Filter>Source Files</Filter>
    </None>
    <None Include="Source\Application\Multiple\Captures\BitBltCapture.cpp">
      <Filter>Source Files</Filter>
    </None>
    <None Include="Source\Application\Multiple\Captures\DwmSharedSurfaceCapture.cpp">
      <Filter>Source Files</Filter>
    </None>
    <None Include="Source\Application\Services\AudioSourceManager.cpp">
      <Filter>Source Files</Filter>
    </None>
    <None Include="Source\Application\Services\VideoSourceManager.cpp">
      <Filter>Source Files</Filter>
    </None>
    <None Include="Source\Application\Multiple\Captures\DwmPrintWindowCapture.cpp">
      <Filter>Source Files</Filter>
    </None>
    <None Include="Source\Application\Multiple\Captures\DXGIOutputDuplicationCapture.cpp">
      <Filter>Source Files</Filter>
    </None>
    <None Include="Source\Application\Multiple\MediaSource.cpp">
      <Filter>Source Files</Filter>
    </None>
    <None Include="Source\Application\Multiple\Aligned2DBuffer.cpp">
      <Filter>Source Files</Filter>
    </None>
    <None Include="Source\Application\Multiple\Aligned2DBuffer.h">
      <Filter>Header Files</Filter>
    </None>
  </ItemGroup>
</Project>